
Microsoft Visual Studio Solution File, Format Version 12.00
# Visual Studio Version 16
VisualStudioVersion = 16.0.29806.167
MinimumVisualStudioVersion = 10.0.40219.1
Project("{8BC9CEB8-8B4A-11D0-8D11-00A0C91BC942}") = "lab1", "lab1\lab1.vcxproj", "{273D13E2-92BA-45AD-85DF-AF35D87E2149}"
EndProject
Global
	GlobalSection(SolutionConfigurationPlatforms) = preSolution
		Debug|x64 = Debug|x64
		Debug|x86 = Debug|x86
		Release|x64 = Release|x64
		Release|x86 = Release|x86
	EndGlobalSection
	GlobalSection(ProjectConfigurationPlatforms) = postSolution
		{273D13E2-92BA-45AD-85DF-AF35D87E2149}.Debug|x64.ActiveCfg = Debug|x64
		{273D13E2-92BA-45AD-85DF-AF35D87E2149}.Debug|x64.Build.0 = Debug|x64
		{273D13E2-92BA-45AD-85DF-AF35D87E2149}.Debug|x86.ActiveCfg = Debug|Win32
		{273D13E2-92BA-45AD-85DF-AF35D87E2149}.Debug|x86.Build.0 = Debug|Win32
		{273D13E2-92BA-45AD-85DF-AF35D87E2149}.Release|x64.ActiveCfg = Release|x64
		{273D13E2-92BA-45AD-85DF-AF35D87E2149}.Release|x64.Build.0 = Release|x64
		{273D13E2-92BA-45AD-85DF-AF35D87E2149}.Release|x86.ActiveCfg = Release|Win32
		{273D13E2-92BA-45AD-85DF-AF35D87E2149}.Release|x86.Build.0 = Release|Win32
	EndGlobalSection
	GlobalSection(SolutionProperties) = preSolution
		HideSolutionNode = FALSE
	EndGlobalSection
	GlobalSection(ExtensibilityGlobals) = postSolution
		SolutionGuid = {27350A32-6DC6-4F20-B663-20052E04FB2C}
	EndGlobalSection
EndGlobal
